// !$*UTF8*$!
{
	archiveVersion = 1;
	classes = {
	};
	objectVersion = 46;
	objects = {

/* Begin PBXBuildFile section */
		A1C54E831A8B4A0A0003C995 /* MapViewController.swift in Sources */ = {isa = PBXBuildFile; fileRef = A1C54E821A8B4A0A0003C995 /* MapViewController.swift */; };
		A1C54E961A8DEA430003C995 /* MapKit.framework in Frameworks */ = {isa = PBXBuildFile; fileRef = A1C54E951A8DEA430003C995 /* MapKit.framework */; };
		A1C54E9C1A9B1D100003C995 /* FeedItem.swift in Sources */ = {isa = PBXBuildFile; fileRef = A1C54E9B1A9B1D100003C995 /* FeedItem.swift */; };
		A1DFCEC51A7633DF00AE0A72 /* AppDelegate.swift in Sources */ = {isa = PBXBuildFile; fileRef = A1DFCEC41A7633DF00AE0A72 /* AppDelegate.swift */; };
		A1DFCEC81A7633DF00AE0A72 /* ExchangeAGram.xcdatamodeld in Sources */ = {isa = PBXBuildFile; fileRef = A1DFCEC61A7633DF00AE0A72 /* ExchangeAGram.xcdatamodeld */; };
		A1DFCECD1A7633DF00AE0A72 /* Main.storyboard in Resources */ = {isa = PBXBuildFile; fileRef = A1DFCECB1A7633DF00AE0A72 /* Main.storyboard */; };
		A1DFCECF1A7633DF00AE0A72 /* Images.xcassets in Resources */ = {isa = PBXBuildFile; fileRef = A1DFCECE1A7633DF00AE0A72 /* Images.xcassets */; };
		A1DFCED21A7633DF00AE0A72 /* LaunchScreen.xib in Resources */ = {isa = PBXBuildFile; fileRef = A1DFCED01A7633DF00AE0A72 /* LaunchScreen.xib */; };
		A1DFCEDE1A7633DF00AE0A72 /* ExchangeAGramTests.swift in Sources */ = {isa = PBXBuildFile; fileRef = A1DFCEDD1A7633DF00AE0A72 /* ExchangeAGramTests.swift */; };
		A1DFCEE81A777F5C00AE0A72 /* FeedViewController.swift in Sources */ = {isa = PBXBuildFile; fileRef = A1DFCEE71A777F5C00AE0A72 /* FeedViewController.swift */; };
		A1DFCEEA1A77817700AE0A72 /* FeedCell.swift in Sources */ = {isa = PBXBuildFile; fileRef = A1DFCEE91A77817700AE0A72 /* FeedCell.swift */; };
		A1DFCEEC1A77830D00AE0A72 /* MobileCoreServices.framework in Frameworks */ = {isa = PBXBuildFile; fileRef = A1DFCEEB1A77830D00AE0A72 /* MobileCoreServices.framework */; };
		A1DFCEF01A78D21100AE0A72 /* FilterViewController.swift in Sources */ = {isa = PBXBuildFile; fileRef = A1DFCEEF1A78D21100AE0A72 /* FilterViewController.swift */; };
		A1DFCEF21A78D6BB00AE0A72 /* FilterCell.swift in Sources */ = {isa = PBXBuildFile; fileRef = A1DFCEF11A78D6BB00AE0A72 /* FilterCell.swift */; };
		A1DFCEF71A7A23CB00AE0A72 /* Placeholder.png in Resources */ = {isa = PBXBuildFile; fileRef = A1DFCEF41A7A23CB00AE0A72 /* Placeholder.png */; };
		A1DFCEF81A7A23CB00AE0A72 /* Placeholder@2x.png in Resources */ = {isa = PBXBuildFile; fileRef = A1DFCEF51A7A23CB00AE0A72 /* Placeholder@2x.png */; };
		A1DFCEF91A7A23CB00AE0A72 /* Placeholder@3x.png in Resources */ = {isa = PBXBuildFile; fileRef = A1DFCEF61A7A23CB00AE0A72 /* Placeholder@3x.png */; };
		A1ED6DC11A80BF3900F0121E /* ProfileViewController.swift in Sources */ = {isa = PBXBuildFile; fileRef = A1ED6DC01A80BF3900F0121E /* ProfileViewController.swift */; };
		A1ED6DC31A820CFF00F0121E /* FacebookSDK.framework in Frameworks */ = {isa = PBXBuildFile; fileRef = A1ED6DC21A820CFF00F0121E /* FacebookSDK.framework */; };
/* End PBXBuildFile section */

/* Begin PBXContainerItemProxy section */
		A1DFCED81A7633DF00AE0A72 /* PBXContainerItemProxy */ = {
			isa = PBXContainerItemProxy;
			containerPortal = A1DFCEB71A7633DF00AE0A72 /* Project object */;
			proxyType = 1;
			remoteGlobalIDString = A1DFCEBE1A7633DF00AE0A72;
			remoteInfo = ExchangeAGram;
		};
/* End PBXContainerItemProxy section */

/* Begin PBXFileReference section */
		A1C54E821A8B4A0A0003C995 /* MapViewController.swift */ = {isa = PBXFileReference; fileEncoding = 4; lastKnownFileType = sourcecode.swift; path = MapViewController.swift; sourceTree = "<group>"; };
		A1C54E951A8DEA430003C995 /* MapKit.framework */ = {isa = PBXFileReference; lastKnownFileType = wrapper.framework; name = MapKit.framework; path = System/Library/Frameworks/MapKit.framework; sourceTree = SDKROOT; };
		A1C54E9B1A9B1D100003C995 /* FeedItem.swift */ = {isa = PBXFileReference; fileEncoding = 4; lastKnownFileType = sourcecode.swift; path = FeedItem.swift; sourceTree = "<group>"; };
		A1DFCEBF1A7633DF00AE0A72 /* ExchangeAGram.app */ = {isa = PBXFileReference; explicitFileType = wrapper.application; includeInIndex = 0; path = ExchangeAGram.app; sourceTree = BUILT_PRODUCTS_DIR; };
		A1DFCEC31A7633DF00AE0A72 /* Info.plist */ = {isa = PBXFileReference; lastKnownFileType = text.plist.xml; path = Info.plist; sourceTree = "<group>"; };
		A1DFCEC41A7633DF00AE0A72 /* AppDelegate.swift */ = {isa = PBXFileReference; lastKnownFileType = sourcecode.swift; path = AppDelegate.swift; sourceTree = "<group>"; };
		A1DFCEC71A7633DF00AE0A72 /* ExchangeAGram.xcdatamodel */ = {isa = PBXFileReference; lastKnownFileType = wrapper.xcdatamodel; path = ExchangeAGram.xcdatamodel; sourceTree = "<group>"; };
		A1DFCECC1A7633DF00AE0A72 /* Base */ = {isa = PBXFileReference; lastKnownFileType = file.storyboard; name = Base; path = Base.lproj/Main.storyboard; sourceTree = "<group>"; };
		A1DFCECE1A7633DF00AE0A72 /* Images.xcassets */ = {isa = PBXFileReference; lastKnownFileType = folder.assetcatalog; path = Images.xcassets; sourceTree = "<group>"; };
		A1DFCED11A7633DF00AE0A72 /* Base */ = {isa = PBXFileReference; lastKnownFileType = file.xib; name = Base; path = Base.lproj/LaunchScreen.xib; sourceTree = "<group>"; };
		A1DFCED71A7633DF00AE0A72 /* ExchangeAGramTests.xctest */ = {isa = PBXFileReference; explicitFileType = wrapper.cfbundle; includeInIndex = 0; path = ExchangeAGramTests.xctest; sourceTree = BUILT_PRODUCTS_DIR; };
		A1DFCEDC1A7633DF00AE0A72 /* Info.plist */ = {isa = PBXFileReference; lastKnownFileType = text.plist.xml; path = Info.plist; sourceTree = "<group>"; };
		A1DFCEDD1A7633DF00AE0A72 /* ExchangeAGramTests.swift */ = {isa = PBXFileReference; lastKnownFileType = sourcecode.swift; path = ExchangeAGramTests.swift; sourceTree = "<group>"; };
		A1DFCEE71A777F5C00AE0A72 /* FeedViewController.swift */ = {isa = PBXFileReference; fileEncoding = 4; lastKnownFileType = sourcecode.swift; path = FeedViewController.swift; sourceTree = "<group>"; };
		A1DFCEE91A77817700AE0A72 /* FeedCell.swift */ = {isa = PBXFileReference; fileEncoding = 4; lastKnownFileType = sourcecode.swift; path = FeedCell.swift; sourceTree = "<group>"; };
		A1DFCEEB1A77830D00AE0A72 /* MobileCoreServices.framework */ = {isa = PBXFileReference; lastKnownFileType = wrapper.framework; name = MobileCoreServices.framework; path = System/Library/Frameworks/MobileCoreServices.framework; sourceTree = SDKROOT; };
		A1DFCEEF1A78D21100AE0A72 /* FilterViewController.swift */ = {isa = PBXFileReference; fileEncoding = 4; lastKnownFileType = sourcecode.swift; path = FilterViewController.swift; sourceTree = "<group>"; };
		A1DFCEF11A78D6BB00AE0A72 /* FilterCell.swift */ = {isa = PBXFileReference; fileEncoding = 4; lastKnownFileType = sourcecode.swift; path = FilterCell.swift; sourceTree = "<group>"; };
		A1DFCEF41A7A23CB00AE0A72 /* Placeholder.png */ = {isa = PBXFileReference; lastKnownFileType = image.png; name = Placeholder.png; path = ExchangeAGramPlaceHolders/Placeholder.png; sourceTree = "<group>"; };
		A1DFCEF51A7A23CB00AE0A72 /* Placeholder@2x.png */ = {isa = PBXFileReference; lastKnownFileType = image.png; name = "Placeholder@2x.png"; path = "ExchangeAGramPlaceHolders/Placeholder@2x.png"; sourceTree = "<group>"; };
		A1DFCEF61A7A23CB00AE0A72 /* Placeholder@3x.png */ = {isa = PBXFileReference; lastKnownFileType = image.png; name = "Placeholder@3x.png"; path = "ExchangeAGramPlaceHolders/Placeholder@3x.png"; sourceTree = "<group>"; };
		A1ED6DC01A80BF3900F0121E /* ProfileViewController.swift */ = {isa = PBXFileReference; fileEncoding = 4; lastKnownFileType = sourcecode.swift; path = ProfileViewController.swift; sourceTree = "<group>"; };
		A1ED6DC21A820CFF00F0121E /* FacebookSDK.framework */ = {isa = PBXFileReference; lastKnownFileType = wrapper.framework; name = FacebookSDK.framework; path = ../../../FacebookSDK/FacebookSDK.framework; sourceTree = "<group>"; };
		A1ED6DC41A820F2200F0121E /* Bridging-Header.h */ = {isa = PBXFileReference; lastKnownFileType = sourcecode.c.h; path = "Bridging-Header.h"; sourceTree = "<group>"; };
/* End PBXFileReference section */

/* Begin PBXFrameworksBuildPhase section */
		A1DFCEBC1A7633DF00AE0A72 /* Frameworks */ = {
			isa = PBXFrameworksBuildPhase;
			buildActionMask = 2147483647;
			files = (
				A1C54E961A8DEA430003C995 /* MapKit.framework in Frameworks */,
				A1DFCEEC1A77830D00AE0A72 /* MobileCoreServices.framework in Frameworks */,
				A1ED6DC31A820CFF00F0121E /* FacebookSDK.framework in Frameworks */,
			);
			runOnlyForDeploymentPostprocessing = 0;
		};
		A1DFCED41A7633DF00AE0A72 /* Frameworks */ = {
			isa = PBXFrameworksBuildPhase;
			buildActionMask = 2147483647;
			files = (
			);
			runOnlyForDeploymentPostprocessing = 0;
		};
/* End PBXFrameworksBuildPhase section */

/* Begin PBXGroup section */
		7AEA1D1C1A7EC78C00176655 /* Model */ = {
			isa = PBXGroup;
			children = (
				A1DFCEC61A7633DF00AE0A72 /* ExchangeAGram.xcdatamodeld */,
				A1C54E9B1A9B1D100003C995 /* FeedItem.swift */,
			);
			name = Model;
			sourceTree = "<group>";
		};
		A1DFCEB61A7633DF00AE0A72 = {
			isa = PBXGroup;
			children = (
				A1DFCEC11A7633DF00AE0A72 /* ExchangeAGram */,
				A1DFCEDA1A7633DF00AE0A72 /* ExchangeAGramTests */,
				A1DFCEC01A7633DF00AE0A72 /* Products */,
			);
			sourceTree = "<group>";
		};
		A1DFCEC01A7633DF00AE0A72 /* Products */ = {
			isa = PBXGroup;
			children = (
				A1DFCEBF1A7633DF00AE0A72 /* ExchangeAGram.app */,
				A1DFCED71A7633DF00AE0A72 /* ExchangeAGramTests.xctest */,
			);
			name = Products;
			sourceTree = "<group>";
		};
		A1DFCEC11A7633DF00AE0A72 /* ExchangeAGram */ = {
			isa = PBXGroup;
			children = (
				A1DFCECB1A7633DF00AE0A72 /* Main.storyboard */,
				A1DFCEC41A7633DF00AE0A72 /* AppDelegate.swift */,
				A1DFCEE71A777F5C00AE0A72 /* FeedViewController.swift */,
				A1DFCEEF1A78D21100AE0A72 /* FilterViewController.swift */,
				A1C54E821A8B4A0A0003C995 /* MapViewController.swift */,
				A1ED6DC01A80BF3900F0121E /* ProfileViewController.swift */,
				A1ED6DC41A820F2200F0121E /* Bridging-Header.h */,
				7AEA1D1C1A7EC78C00176655 /* Model */,
				A1DFCEE91A77817700AE0A72 /* FeedCell.swift */,
				A1DFCEF11A78D6BB00AE0A72 /* FilterCell.swift */,
				A1DFCECE1A7633DF00AE0A72 /* Images.xcassets */,
				A1DFCED01A7633DF00AE0A72 /* LaunchScreen.xib */,
				A1DFCEC21A7633DF00AE0A72 /* Supporting Files */,
			);
			path = ExchangeAGram;
			sourceTree = "<group>";
		};
		A1DFCEC21A7633DF00AE0A72 /* Supporting Files */ = {
			isa = PBXGroup;
			children = (
				A1C54E951A8DEA430003C995 /* MapKit.framework */,
				A1ED6DC21A820CFF00F0121E /* FacebookSDK.framework */,
				A1DFCEF41A7A23CB00AE0A72 /* Placeholder.png */,
				A1DFCEF51A7A23CB00AE0A72 /* Placeholder@2x.png */,
				A1DFCEF61A7A23CB00AE0A72 /* Placeholder@3x.png */,
				A1DFCEF31A7A23CB00AE0A72 /* ExchangeAGramPlaceHolders */,
				A1DFCEEB1A77830D00AE0A72 /* MobileCoreServices.framework */,
				A1DFCEC31A7633DF00AE0A72 /* Info.plist */,
			);
			name = "Supporting Files";
			sourceTree = "<group>";
		};
		A1DFCEDA1A7633DF00AE0A72 /* ExchangeAGramTests */ = {
			isa = PBXGroup;
			children = (
				A1DFCEDD1A7633DF00AE0A72 /* ExchangeAGramTests.swift */,
				A1DFCEDB1A7633DF00AE0A72 /* Supporting Files */,
			);
			path = ExchangeAGramTests;
			sourceTree = "<group>";
		};
		A1DFCEDB1A7633DF00AE0A72 /* Supporting Files */ = {
			isa = PBXGroup;
			children = (
				A1DFCEDC1A7633DF00AE0A72 /* Info.plist */,
			);
			name = "Supporting Files";
			sourceTree = "<group>";
		};
		A1DFCEF31A7A23CB00AE0A72 /* ExchangeAGramPlaceHolders */ = {
			isa = PBXGroup;
			children = (
			);
			path = ExchangeAGramPlaceHolders;
			sourceTree = "<group>";
		};
/* End PBXGroup section */

/* Begin PBXNativeTarget section */
		A1DFCEBE1A7633DF00AE0A72 /* ExchangeAGram */ = {
			isa = PBXNativeTarget;
			buildConfigurationList = A1DFCEE11A7633DF00AE0A72 /* Build configuration list for PBXNativeTarget "ExchangeAGram" */;
			buildPhases = (
				A1DFCEBB1A7633DF00AE0A72 /* Sources */,
				A1DFCEBC1A7633DF00AE0A72 /* Frameworks */,
				A1DFCEBD1A7633DF00AE0A72 /* Resources */,
			);
			buildRules = (
			);
			dependencies = (
			);
			name = ExchangeAGram;
			productName = ExchangeAGram;
			productReference = A1DFCEBF1A7633DF00AE0A72 /* ExchangeAGram.app */;
			productType = "com.apple.product-type.application";
		};
		A1DFCED61A7633DF00AE0A72 /* ExchangeAGramTests */ = {
			isa = PBXNativeTarget;
			buildConfigurationList = A1DFCEE41A7633DF00AE0A72 /* Build configuration list for PBXNativeTarget "ExchangeAGramTests" */;
			buildPhases = (
				A1DFCED31A7633DF00AE0A72 /* Sources */,
				A1DFCED41A7633DF00AE0A72 /* Frameworks */,
				A1DFCED51A7633DF00AE0A72 /* Resources */,
			);
			buildRules = (
			);
			dependencies = (
				A1DFCED91A7633DF00AE0A72 /* PBXTargetDependency */,
			);
			name = ExchangeAGramTests;
			productName = ExchangeAGramTests;
			productReference = A1DFCED71A7633DF00AE0A72 /* ExchangeAGramTests.xctest */;
			productType = "com.apple.product-type.bundle.unit-test";
		};
/* End PBXNativeTarget section */

/* Begin PBXProject section */
		A1DFCEB71A7633DF00AE0A72 /* Project object */ = {
			isa = PBXProject;
			attributes = {
				LastUpgradeCheck = 0610;
				ORGANIZATIONNAME = "inni Accounts";
				TargetAttributes = {
					A1DFCEBE1A7633DF00AE0A72 = {
						CreatedOnToolsVersion = 6.1.1;
					};
					A1DFCED61A7633DF00AE0A72 = {
						CreatedOnToolsVersion = 6.1.1;
						TestTargetID = A1DFCEBE1A7633DF00AE0A72;
					};
				};
			};
			buildConfigurationList = A1DFCEBA1A7633DF00AE0A72 /* Build configuration list for PBXProject "ExchangeAGram" */;
			compatibilityVersion = "Xcode 3.2";
			developmentRegion = English;
			hasScannedForEncodings = 0;
			knownRegions = (
				en,
				Base,
			);
			mainGroup = A1DFCEB61A7633DF00AE0A72;
			productRefGroup = A1DFCEC01A7633DF00AE0A72 /* Products */;
			projectDirPath = "";
			projectRoot = "";
			targets = (
				A1DFCEBE1A7633DF00AE0A72 /* ExchangeAGram */,
				A1DFCED61A7633DF00AE0A72 /* ExchangeAGramTests */,
			);
		};
/* End PBXProject section */

/* Begin PBXResourcesBuildPhase section */
		A1DFCEBD1A7633DF00AE0A72 /* Resources */ = {
			isa = PBXResourcesBuildPhase;
			buildActionMask = 2147483647;
			files = (
				A1DFCEF81A7A23CB00AE0A72 /* Placeholder@2x.png in Resources */,
				A1DFCECD1A7633DF00AE0A72 /* Main.storyboard in Resources */,
				A1DFCEF71A7A23CB00AE0A72 /* Placeholder.png in Resources */,
				A1DFCEF91A7A23CB00AE0A72 /* Placeholder@3x.png in Resources */,
				A1DFCED21A7633DF00AE0A72 /* LaunchScreen.xib in Resources */,
				A1DFCECF1A7633DF00AE0A72 /* Images.xcassets in Resources */,
			);
			runOnlyForDeploymentPostprocessing = 0;
		};
		A1DFCED51A7633DF00AE0A72 /* Resources */ = {
			isa = PBXResourcesBuildPhase;
			buildActionMask = 2147483647;
			files = (
			);
			runOnlyForDeploymentPostprocessing = 0;
		};
/* End PBXResourcesBuildPhase section */

/* Begin PBXSourcesBuildPhase section */
		A1DFCEBB1A7633DF00AE0A72 /* Sources */ = {
			isa = PBXSourcesBuildPhase;
			buildActionMask = 2147483647;
			files = (
				A1DFCEF21A78D6BB00AE0A72 /* FilterCell.swift in Sources */,
				A1DFCEF01A78D21100AE0A72 /* FilterViewController.swift in Sources */,
				A1DFCEC51A7633DF00AE0A72 /* AppDelegate.swift in Sources */,
				A1DFCEEA1A77817700AE0A72 /* FeedCell.swift in Sources */,
				A1C54E831A8B4A0A0003C995 /* MapViewController.swift in Sources */,
				A1C54E9C1A9B1D100003C995 /* FeedItem.swift in Sources */,
				A1DFCEE81A777F5C00AE0A72 /* FeedViewController.swift in Sources */,
				A1ED6DC11A80BF3900F0121E /* ProfileViewController.swift in Sources */,
				A1DFCEC81A7633DF00AE0A72 /* ExchangeAGram.xcdatamodeld in Sources */,
			);
			runOnlyForDeploymentPostprocessing = 0;
		};
		A1DFCED31A7633DF00AE0A72 /* Sources */ = {
			isa = PBXSourcesBuildPhase;
			buildActionMask = 2147483647;
			files = (
				A1DFCEDE1A7633DF00AE0A72 /* ExchangeAGramTests.swift in Sources */,
			);
			runOnlyForDeploymentPostprocessing = 0;
		};
/* End PBXSourcesBuildPhase section */

/* Begin PBXTargetDependency section */
		A1DFCED91A7633DF00AE0A72 /* PBXTargetDependency */ = {
			isa = PBXTargetDependency;
			target = A1DFCEBE1A7633DF00AE0A72 /* ExchangeAGram */;
			targetProxy = A1DFCED81A7633DF00AE0A72 /* PBXContainerItemProxy */;
		};
/* End PBXTargetDependency section */

/* Begin PBXVariantGroup section */
		A1DFCECB1A7633DF00AE0A72 /* Main.storyboard */ = {
			isa = PBXVariantGroup;
			children = (
				A1DFCECC1A7633DF00AE0A72 /* Base */,
			);
			name = Main.storyboard;
			sourceTree = "<group>";
		};
		A1DFCED01A7633DF00AE0A72 /* LaunchScreen.xib */ = {
			isa = PBXVariantGroup;
			children = (
				A1DFCED11A7633DF00AE0A72 /* Base */,
			);
			name = LaunchScreen.xib;
			sourceTree = "<group>";
		};
/* End PBXVariantGroup section */

/* Begin XCBuildConfiguration section */
		A1DFCEDF1A7633DF00AE0A72 /* Debug */ = {
			isa = XCBuildConfiguration;
			buildSettings = {
				ALWAYS_SEARCH_USER_PATHS = NO;
				CLANG_CXX_LANGUAGE_STANDARD = "gnu++0x";
				CLANG_CXX_LIBRARY = "libc++";
				CLANG_ENABLE_MODULES = YES;
				CLANG_ENABLE_OBJC_ARC = YES;
				CLANG_WARN_BOOL_CONVERSION = YES;
				CLANG_WARN_CONSTANT_CONVERSION = YES;
				CLANG_WARN_DIRECT_OBJC_ISA_USAGE = YES_ERROR;
				CLANG_WARN_EMPTY_BODY = YES;
				CLANG_WARN_ENUM_CONVERSION = YES;
				CLANG_WARN_INT_CONVERSION = YES;
				CLANG_WARN_OBJC_ROOT_CLASS = YES_ERROR;
				CLANG_WARN_UNREACHABLE_CODE = YES;
				CLANG_WARN__DUPLICATE_METHOD_MATCH = YES;
				"CODE_SIGN_IDENTITY[sdk=iphoneos*]" = "iPhone Developer";
				COPY_PHASE_STRIP = NO;
				ENABLE_STRICT_OBJC_MSGSEND = YES;
				GCC_C_LANGUAGE_STANDARD = gnu99;
				GCC_DYNAMIC_NO_PIC = NO;
				GCC_OPTIMIZATION_LEVEL = 0;
				GCC_PREPROCESSOR_DEFINITIONS = (
					"DEBUG=1",
					"$(inherited)",
				);
				GCC_SYMBOLS_PRIVATE_EXTERN = NO;
				GCC_WARN_64_TO_32_BIT_CONVERSION = YES;
				GCC_WARN_ABOUT_RETURN_TYPE = YES_ERROR;
				GCC_WARN_UNDECLARED_SELECTOR = YES;
				GCC_WARN_UNINITIALIZED_AUTOS = YES_AGGRESSIVE;
				GCC_WARN_UNUSED_FUNCTION = YES;
				GCC_WARN_UNUSED_VARIABLE = YES;
				IPHONEOS_DEPLOYMENT_TARGET = 8.1;
				MTL_ENABLE_DEBUG_INFO = YES;
				ONLY_ACTIVE_ARCH = YES;
				SDKROOT = iphoneos;
				SWIFT_OPTIMIZATION_LEVEL = "-Onone";
				TARGETED_DEVICE_FAMILY = "1,2";
			};
			name = Debug;
		};
		A1DFCEE01A7633DF00AE0A72 /* Release */ = {
			isa = XCBuildConfiguration;
			buildSettings = {
				ALWAYS_SEARCH_USER_PATHS = NO;
				CLANG_CXX_LANGUAGE_STANDARD = "gnu++0x";
				CLANG_CXX_LIBRARY = "libc++";
				CLANG_ENABLE_MODULES = YES;
				CLANG_ENABLE_OBJC_ARC = YES;
				CLANG_WARN_BOOL_CONVERSION = YES;
				CLANG_WARN_CONSTANT_CONVERSION = YES;
				CLANG_WARN_DIRECT_OBJC_ISA_USAGE = YES_ERROR;
				CLANG_WARN_EMPTY_BODY = YES;
				CLANG_WARN_ENUM_CONVERSION = YES;
				CLANG_WARN_INT_CONVERSION = YES;
				CLANG_WARN_OBJC_ROOT_CLASS = YES_ERROR;
				CLANG_WARN_UNREACHABLE_CODE = YES;
				CLANG_WARN__DUPLICATE_METHOD_MATCH = YES;
				"CODE_SIGN_IDENTITY[sdk=iphoneos*]" = "iPhone Developer";
				COPY_PHASE_STRIP = YES;
				ENABLE_NS_ASSERTIONS = NO;
				ENABLE_STRICT_OBJC_MSGSEND = YES;
				GCC_C_LANGUAGE_STANDARD = gnu99;
				GCC_WARN_64_TO_32_BIT_CONVERSION = YES;
				GCC_WARN_ABOUT_RETURN_TYPE = YES_ERROR;
				GCC_WARN_UNDECLARED_SELECTOR = YES;
				GCC_WARN_UNINITIALIZED_AUTOS = YES_AGGRESSIVE;
				GCC_WARN_UNUSED_FUNCTION = YES;
				GCC_WARN_UNUSED_VARIABLE = YES;
				IPHONEOS_DEPLOYMENT_TARGET = 8.1;
				MTL_ENABLE_DEBUG_INFO = NO;
				SDKROOT = iphoneos;
				TARGETED_DEVICE_FAMILY = "1,2";
				VALIDATE_PRODUCT = YES;
			};
			name = Release;
		};
		A1DFCEE21A7633DF00AE0A72 /* Debug */ = {
			isa = XCBuildConfiguration;
			buildSettings = {
				ASSETCATALOG_COMPILER_APPICON_NAME = AppIcon;
				FRAMEWORK_SEARCH_PATHS = (
					"$(inherited)",
					/Users/andy/Documents/FacebookSDK,
				);
				INFOPLIST_FILE = ExchangeAGram/Info.plist;
				LD_RUNPATH_SEARCH_PATHS = "$(inherited) @executable_path/Frameworks";
				PRODUCT_NAME = "$(TARGET_NAME)";
				SWIFT_OBJC_BRIDGING_HEADER = "ExchangeAGram/Bridging-Header.h";
			};
			name = Debug;
		};
		A1DFCEE31A7633DF00AE0A72 /* Release */ = {
			isa = XCBuildConfiguration;
			buildSettings = {
				ASSETCATALOG_COMPILER_APPICON_NAME = AppIcon;
				FRAMEWORK_SEARCH_PATHS = (
					"$(inherited)",
					/Users/andy/Documents/FacebookSDK,
				);
				INFOPLIST_FILE = ExchangeAGram/Info.plist;
				LD_RUNPATH_SEARCH_PATHS = "$(inherited) @executable_path/Frameworks";
				PRODUCT_NAME = "$(TARGET_NAME)";
				SWIFT_OBJC_BRIDGING_HEADER = "ExchangeAGram/Bridging-Header.h";
			};
			name = Release;
		};
		A1DFCEE51A7633DF00AE0A72 /* Debug */ = {
			isa = XCBuildConfiguration;
			buildSettings = {
				BUNDLE_LOADER = "$(TEST_HOST)";
				FRAMEWORK_SEARCH_PATHS = (
					"$(SDKROOT)/Developer/Library/Frameworks",
					"$(inherited)",
				);
				GCC_PREPROCESSOR_DEFINITIONS = (
					"DEBUG=1",
					"$(inherited)",
				);
				INFOPLIST_FILE = ExchangeAGramTests/Info.plist;
				LD_RUNPATH_SEARCH_PATHS = "$(inherited) @executable_path/Frameworks @loader_path/Frameworks";
				PRODUCT_NAME = "$(TARGET_NAME)";
				TEST_HOST = "$(BUILT_PRODUCTS_DIR)/ExchangeAGram.app/ExchangeAGram";
			};
			name = Debug;
		};
		A1DFCEE61A7633DF00AE0A72 /* Release */ = {
			isa = XCBuildConfiguration;
			buildSettings = {
				BUNDLE_LOADER = "$(TEST_HOST)";
				FRAMEWORK_SEARCH_PATHS = (
					"$(SDKROOT)/Developer/Library/Frameworks",
					"$(inherited)",
				);
				INFOPLIST_FILE = ExchangeAGramTests/Info.plist;
				LD_RUNPATH_SEARCH_PATHS = "$(inherited) @executable_path/Frameworks @loader_path/Frameworks";
				PRODUCT_NAME = "$(TARGET_NAME)";
				TEST_HOST = "$(BUILT_PRODUCTS_DIR)/ExchangeAGram.app/ExchangeAGram";
			};
			name = Release;
		};
/* End XCBuildConfiguration section */

/* Begin XCConfigurationList section */
		A1DFCEBA1A7633DF00AE0A72 /* Build configuration list for PBXProject "ExchangeAGram" */ = {
			isa = XCConfigurationList;
			buildConfigurations = (
				A1DFCEDF1A7633DF00AE0A72 /* Debug */,
				A1DFCEE01A7633DF00AE0A72 /* Release */,
			);
			defaultConfigurationIsVisible = 0;
			defaultConfigurationName = Release;
		};
		A1DFCEE11A7633DF00AE0A72 /* Build configuration list for PBXNativeTarget "ExchangeAGram" */ = {
			isa = XCConfigurationList;
			buildConfigurations = (
				A1DFCEE21A7633DF00AE0A72 /* Debug */,
				A1DFCEE31A7633DF00AE0A72 /* Release */,
			);
			defaultConfigurationIsVisible = 0;
			defaultConfigurationName = Release;
		};
		A1DFCEE41A7633DF00AE0A72 /* Build configuration list for PBXNativeTarget "ExchangeAGramTests" */ = {
			isa = XCConfigurationList;
			buildConfigurations = (
				A1DFCEE51A7633DF00AE0A72 /* Debug */,
				A1DFCEE61A7633DF00AE0A72 /* Release */,
			);
			defaultConfigurationIsVisible = 0;
			defaultConfigurationName = Release;
		};
/* End XCConfigurationList section */

/* Begin XCVersionGroup section */
		A1DFCEC61A7633DF00AE0A72 /* ExchangeAGram.xcdatamodeld */ = {
			isa = XCVersionGroup;
			children = (
				A1DFCEC71A7633DF00AE0A72 /* ExchangeAGram.xcdatamodel */,
			);
			currentVersion = A1DFCEC71A7633DF00AE0A72 /* ExchangeAGram.xcdatamodel */;
			path = ExchangeAGram.xcdatamodeld;
			sourceTree = "<group>";
			versionGroupType = wrapper.xcdatamodel;
		};
/* End XCVersionGroup section */
	};
	rootObject = A1DFCEB71A7633DF00AE0A72 /* Project object */;
}
